
Microsoft Visual Studio Solution File, Format Version 11.00
# Visual Studio 2010
Project("{FAE04EC0-301F-11D3-BF4B-00C04F79EFBC}") = "SimpleAckermanVehicle", "SimpleAckermanVehicle.csproj", "{BF9957AB-2A19-4904-B423-BD0A09D0EB01}"
EndProject
Global
	GlobalSection(SolutionConfigurationPlatforms) = preSolution
		Debug|Any CPU = Debug|Any CPU
		Release|Any CPU = Release|Any CPU
	EndGlobalSection
	GlobalSection(ProjectConfigurationPlatforms) = postSolution
		{BF9957AB-2A19-4904-B423-BD0A09D0EB01}.Debug|Any CPU.ActiveCfg = Debug|Any CPU
		{BF9957AB-2A19-4904-B423-BD0A09D0EB01}.Debug|Any CPU.Build.0 = Debug|Any CPU
		{BF9957AB-2A19-4904-B423-BD0A09D0EB01}.Release|Any CPU.ActiveCfg = Release|Any CPU
		{BF9957AB-2A19-4904-B423-BD0A09D0EB01}.Release|Any CPU.Build.0 = Release|Any CPU
	EndGlobalSection
	GlobalSection(SolutionProperties) = preSolution
		HideSolutionNode = FALSE
	EndGlobalSection
EndGlobal
