
Microsoft Visual Studio Solution File, Format Version 12.00
# Visual Studio 2012
Project("{FAE04EC0-301F-11D3-BF4B-00C04F79EFBC}") = "SimulationTester", "SimulationTester\SimulationTester.csproj", "{105800AF-F412-413D-8D51-A417E39B6960}"
EndProject
Project("{FAE04EC0-301F-11D3-BF4B-00C04F79EFBC}") = "VehicleBehaviours", "VehicleBehaviours\VehicleBehaviours.csproj", "{8D34F077-4275-418D-B1C0-CF780E61B8D0}"
EndProject
Project("{FAE04EC0-301F-11D3-BF4B-00C04F79EFBC}") = "Utils", "Utils\Utils.csproj", "{97C76C15-EED3-45CF-AC3E-E6A5F7445397}"
EndProject
Project("{FAE04EC0-301F-11D3-BF4B-00C04F79EFBC}") = "EnvironmentBuilder", "EnvironmentBuilder\EnvironmentBuilder.csproj", "{BF9957AB-2A19-4904-B423-BD0A09D0EB01}"
EndProject
Project("{FAE04EC0-301F-11D3-BF4B-00C04F79EFBC}") = "AckermanVehicleDriverGuiService", "AckermanVehicleDriverGuiService\AckermanVehicleDriverGuiService.csproj", "{727ADF74-19DA-4644-8B55-967E6FA5C2AE}"
	ProjectSection(ProjectDependencies) = postProject
		{F84E44C8-5728-4643-96E8-496B508086AE} = {F84E44C8-5728-4643-96E8-496B508086AE}
	EndProjectSection
EndProject
Project("{FAE04EC0-301F-11D3-BF4B-00C04F79EFBC}") = "AckermanVehicle", "AckermanVehicle\AckermanVehicle.csproj", "{F84E44C8-5728-4643-96E8-496B508086AE}"
EndProject
Project("{FAE04EC0-301F-11D3-BF4B-00C04F79EFBC}") = "Simulation", "Simulation\Simulation.csproj", "{D789E6F1-FF0F-441D-AFD4-3F879A49BD1F}"
EndProject
Global
	GlobalSection(SolutionConfigurationPlatforms) = preSolution
		Debug|Any CPU = Debug|Any CPU
		Debug|Mixed Platforms = Debug|Mixed Platforms
		Debug|x86 = Debug|x86
		Release|Any CPU = Release|Any CPU
		Release|Mixed Platforms = Release|Mixed Platforms
		Release|x86 = Release|x86
	EndGlobalSection
	GlobalSection(ProjectConfigurationPlatforms) = postSolution
		{105800AF-F412-413D-8D51-A417E39B6960}.Debug|Any CPU.ActiveCfg = Debug|Any CPU
		{105800AF-F412-413D-8D51-A417E39B6960}.Debug|Any CPU.Build.0 = Debug|Any CPU
		{105800AF-F412-413D-8D51-A417E39B6960}.Debug|Mixed Platforms.ActiveCfg = Debug|x86
		{105800AF-F412-413D-8D51-A417E39B6960}.Debug|Mixed Platforms.Build.0 = Debug|x86
		{105800AF-F412-413D-8D51-A417E39B6960}.Debug|x86.ActiveCfg = Debug|x86
		{105800AF-F412-413D-8D51-A417E39B6960}.Debug|x86.Build.0 = Debug|x86
		{105800AF-F412-413D-8D51-A417E39B6960}.Release|Any CPU.ActiveCfg = Release|Any CPU
		{105800AF-F412-413D-8D51-A417E39B6960}.Release|Any CPU.Build.0 = Release|Any CPU
		{105800AF-F412-413D-8D51-A417E39B6960}.Release|Mixed Platforms.ActiveCfg = Release|x86
		{105800AF-F412-413D-8D51-A417E39B6960}.Release|Mixed Platforms.Build.0 = Release|x86
		{105800AF-F412-413D-8D51-A417E39B6960}.Release|x86.ActiveCfg = Release|x86
		{105800AF-F412-413D-8D51-A417E39B6960}.Release|x86.Build.0 = Release|x86
		{8D34F077-4275-418D-B1C0-CF780E61B8D0}.Debug|Any CPU.ActiveCfg = Debug|Any CPU
		{8D34F077-4275-418D-B1C0-CF780E61B8D0}.Debug|Any CPU.Build.0 = Debug|Any CPU
		{8D34F077-4275-418D-B1C0-CF780E61B8D0}.Debug|Mixed Platforms.ActiveCfg = Debug|x86
		{8D34F077-4275-418D-B1C0-CF780E61B8D0}.Debug|Mixed Platforms.Build.0 = Debug|x86
		{8D34F077-4275-418D-B1C0-CF780E61B8D0}.Debug|x86.ActiveCfg = Debug|x86
		{8D34F077-4275-418D-B1C0-CF780E61B8D0}.Debug|x86.Build.0 = Debug|x86
		{8D34F077-4275-418D-B1C0-CF780E61B8D0}.Release|Any CPU.ActiveCfg = Release|Any CPU
		{8D34F077-4275-418D-B1C0-CF780E61B8D0}.Release|Any CPU.Build.0 = Release|Any CPU
		{8D34F077-4275-418D-B1C0-CF780E61B8D0}.Release|Mixed Platforms.ActiveCfg = Release|x86
		{8D34F077-4275-418D-B1C0-CF780E61B8D0}.Release|Mixed Platforms.Build.0 = Release|x86
		{8D34F077-4275-418D-B1C0-CF780E61B8D0}.Release|x86.ActiveCfg = Release|x86
		{8D34F077-4275-418D-B1C0-CF780E61B8D0}.Release|x86.Build.0 = Release|x86
		{97C76C15-EED3-45CF-AC3E-E6A5F7445397}.Debug|Any CPU.ActiveCfg = Debug|Any CPU
		{97C76C15-EED3-45CF-AC3E-E6A5F7445397}.Debug|Any CPU.Build.0 = Debug|Any CPU
		{97C76C15-EED3-45CF-AC3E-E6A5F7445397}.Debug|Mixed Platforms.ActiveCfg = Debug|x86
		{97C76C15-EED3-45CF-AC3E-E6A5F7445397}.Debug|Mixed Platforms.Build.0 = Debug|x86
		{97C76C15-EED3-45CF-AC3E-E6A5F7445397}.Debug|x86.ActiveCfg = Debug|x86
		{97C76C15-EED3-45CF-AC3E-E6A5F7445397}.Debug|x86.Build.0 = Debug|x86
		{97C76C15-EED3-45CF-AC3E-E6A5F7445397}.Release|Any CPU.ActiveCfg = Release|Any CPU
		{97C76C15-EED3-45CF-AC3E-E6A5F7445397}.Release|Any CPU.Build.0 = Release|Any CPU
		{97C76C15-EED3-45CF-AC3E-E6A5F7445397}.Release|Mixed Platforms.ActiveCfg = Release|x86
		{97C76C15-EED3-45CF-AC3E-E6A5F7445397}.Release|Mixed Platforms.Build.0 = Release|x86
		{97C76C15-EED3-45CF-AC3E-E6A5F7445397}.Release|x86.ActiveCfg = Release|x86
		{97C76C15-EED3-45CF-AC3E-E6A5F7445397}.Release|x86.Build.0 = Release|x86
		{BF9957AB-2A19-4904-B423-BD0A09D0EB01}.Debug|Any CPU.ActiveCfg = Debug|Any CPU
		{BF9957AB-2A19-4904-B423-BD0A09D0EB01}.Debug|Any CPU.Build.0 = Debug|Any CPU
		{BF9957AB-2A19-4904-B423-BD0A09D0EB01}.Debug|Mixed Platforms.ActiveCfg = Debug|x86
		{BF9957AB-2A19-4904-B423-BD0A09D0EB01}.Debug|Mixed Platforms.Build.0 = Debug|x86
		{BF9957AB-2A19-4904-B423-BD0A09D0EB01}.Debug|x86.ActiveCfg = Debug|x86
		{BF9957AB-2A19-4904-B423-BD0A09D0EB01}.Debug|x86.Build.0 = Debug|x86
		{BF9957AB-2A19-4904-B423-BD0A09D0EB01}.Release|Any CPU.ActiveCfg = Release|Any CPU
		{BF9957AB-2A19-4904-B423-BD0A09D0EB01}.Release|Any CPU.Build.0 = Release|Any CPU
		{BF9957AB-2A19-4904-B423-BD0A09D0EB01}.Release|Mixed Platforms.ActiveCfg = Release|x86
		{BF9957AB-2A19-4904-B423-BD0A09D0EB01}.Release|Mixed Platforms.Build.0 = Release|x86
		{BF9957AB-2A19-4904-B423-BD0A09D0EB01}.Release|x86.ActiveCfg = Release|x86
		{BF9957AB-2A19-4904-B423-BD0A09D0EB01}.Release|x86.Build.0 = Release|x86
		{727ADF74-19DA-4644-8B55-967E6FA5C2AE}.Debug|Any CPU.ActiveCfg = Debug|Any CPU
		{727ADF74-19DA-4644-8B55-967E6FA5C2AE}.Debug|Any CPU.Build.0 = Debug|Any CPU
		{727ADF74-19DA-4644-8B55-967E6FA5C2AE}.Debug|Mixed Platforms.ActiveCfg = Debug|x86
		{727ADF74-19DA-4644-8B55-967E6FA5C2AE}.Debug|Mixed Platforms.Build.0 = Debug|x86
		{727ADF74-19DA-4644-8B55-967E6FA5C2AE}.Debug|x86.ActiveCfg = Debug|x86
		{727ADF74-19DA-4644-8B55-967E6FA5C2AE}.Debug|x86.Build.0 = Debug|x86
		{727ADF74-19DA-4644-8B55-967E6FA5C2AE}.Release|Any CPU.ActiveCfg = Release|Any CPU
		{727ADF74-19DA-4644-8B55-967E6FA5C2AE}.Release|Any CPU.Build.0 = Release|Any CPU
		{727ADF74-19DA-4644-8B55-967E6FA5C2AE}.Release|Mixed Platforms.ActiveCfg = Release|x86
		{727ADF74-19DA-4644-8B55-967E6FA5C2AE}.Release|Mixed Platforms.Build.0 = Release|x86
		{727ADF74-19DA-4644-8B55-967E6FA5C2AE}.Release|x86.ActiveCfg = Release|x86
		{727ADF74-19DA-4644-8B55-967E6FA5C2AE}.Release|x86.Build.0 = Release|x86
		{F84E44C8-5728-4643-96E8-496B508086AE}.Debug|Any CPU.ActiveCfg = Debug|Any CPU
		{F84E44C8-5728-4643-96E8-496B508086AE}.Debug|Any CPU.Build.0 = Debug|Any CPU
		{F84E44C8-5728-4643-96E8-496B508086AE}.Debug|Mixed Platforms.ActiveCfg = Debug|x86
		{F84E44C8-5728-4643-96E8-496B508086AE}.Debug|Mixed Platforms.Build.0 = Debug|x86
		{F84E44C8-5728-4643-96E8-496B508086AE}.Debug|x86.ActiveCfg = Debug|x86
		{F84E44C8-5728-4643-96E8-496B508086AE}.Debug|x86.Build.0 = Debug|x86
		{F84E44C8-5728-4643-96E8-496B508086AE}.Release|Any CPU.ActiveCfg = Release|Any CPU
		{F84E44C8-5728-4643-96E8-496B508086AE}.Release|Any CPU.Build.0 = Release|Any CPU
		{F84E44C8-5728-4643-96E8-496B508086AE}.Release|Mixed Platforms.ActiveCfg = Release|x86
		{F84E44C8-5728-4643-96E8-496B508086AE}.Release|Mixed Platforms.Build.0 = Release|x86
		{F84E44C8-5728-4643-96E8-496B508086AE}.Release|x86.ActiveCfg = Release|x86
		{F84E44C8-5728-4643-96E8-496B508086AE}.Release|x86.Build.0 = Release|x86
		{D789E6F1-FF0F-441D-AFD4-3F879A49BD1F}.Debug|Any CPU.ActiveCfg = Debug|Any CPU
		{D789E6F1-FF0F-441D-AFD4-3F879A49BD1F}.Debug|Any CPU.Build.0 = Debug|Any CPU
		{D789E6F1-FF0F-441D-AFD4-3F879A49BD1F}.Debug|Mixed Platforms.ActiveCfg = Debug|x86
		{D789E6F1-FF0F-441D-AFD4-3F879A49BD1F}.Debug|Mixed Platforms.Build.0 = Debug|x86
		{D789E6F1-FF0F-441D-AFD4-3F879A49BD1F}.Debug|x86.ActiveCfg = Debug|x86
		{D789E6F1-FF0F-441D-AFD4-3F879A49BD1F}.Debug|x86.Build.0 = Debug|x86
		{D789E6F1-FF0F-441D-AFD4-3F879A49BD1F}.Release|Any CPU.ActiveCfg = Release|Any CPU
		{D789E6F1-FF0F-441D-AFD4-3F879A49BD1F}.Release|Any CPU.Build.0 = Release|Any CPU
		{D789E6F1-FF0F-441D-AFD4-3F879A49BD1F}.Release|Mixed Platforms.ActiveCfg = Release|x86
		{D789E6F1-FF0F-441D-AFD4-3F879A49BD1F}.Release|Mixed Platforms.Build.0 = Release|x86
		{D789E6F1-FF0F-441D-AFD4-3F879A49BD1F}.Release|x86.ActiveCfg = Release|x86
		{D789E6F1-FF0F-441D-AFD4-3F879A49BD1F}.Release|x86.Build.0 = Release|x86
	EndGlobalSection
	GlobalSection(SolutionProperties) = preSolution
		HideSolutionNode = FALSE
	EndGlobalSection
EndGlobal
