
Microsoft Visual Studio Solution File, Format Version 12.00
# Visual Studio 2012
Project("{FAE04EC0-301F-11D3-BF4B-00C04F79EFBC}") = "SimulationTester", "SimulationTester\SimulationTester.csproj", "{105800AF-F412-413D-8D51-A417E39B6960}"
EndProject
Project("{FAE04EC0-301F-11D3-BF4B-00C04F79EFBC}") = "SimulatedAckermanFourWheels", "SimulatedAckermanFourWheels\SimulatedAckermanFourWheels.csproj", "{D789E6F1-FF0F-441D-AFD4-3F879A49BD1F}"
EndProject
Project("{FAE04EC0-301F-11D3-BF4B-00C04F79EFBC}") = "AckermanFourWheelsDriverGuiService", "AckermanFourWheelsDriverGuiService\AckermanFourWheelsDriverGuiService.csproj", "{727ADF74-19DA-4644-8B55-967E6FA5C2AE}"
EndProject
Project("{FAE04EC0-301F-11D3-BF4B-00C04F79EFBC}") = "SimpleAckermanVehicle", "SimpleAckermanVehicle\SimpleAckermanVehicle.csproj", "{BF9957AB-2A19-4904-B423-BD0A09D0EB01}"
EndProject
Project("{FAE04EC0-301F-11D3-BF4B-00C04F79EFBC}") = "SimulatedStabilizer", "SimulatedStabilizer\SimulatedStabilizer.csproj", "{64124F6A-E6FF-44BD-8F50-4B599E848DB5}"
EndProject
Project("{FAE04EC0-301F-11D3-BF4B-00C04F79EFBC}") = "VehicleBehaviours", "VehicleBehaviours\VehicleBehaviours.csproj", "{8D34F077-4275-418D-B1C0-CF780E61B8D0}"
EndProject
Project("{FAE04EC0-301F-11D3-BF4B-00C04F79EFBC}") = "Utils", "Utils\Utils.csproj", "{97C76C15-EED3-45CF-AC3E-E6A5F7445397}"
EndProject
Global
	GlobalSection(SolutionConfigurationPlatforms) = preSolution
		Debug|Any CPU = Debug|Any CPU
		Debug|x86 = Debug|x86
		Release|Any CPU = Release|Any CPU
		Release|x86 = Release|x86
	EndGlobalSection
	GlobalSection(ProjectConfigurationPlatforms) = postSolution
		{105800AF-F412-413D-8D51-A417E39B6960}.Debug|Any CPU.ActiveCfg = Debug|Any CPU
		{105800AF-F412-413D-8D51-A417E39B6960}.Debug|Any CPU.Build.0 = Debug|Any CPU
		{105800AF-F412-413D-8D51-A417E39B6960}.Debug|x86.ActiveCfg = Debug|x86
		{105800AF-F412-413D-8D51-A417E39B6960}.Debug|x86.Build.0 = Debug|x86
		{105800AF-F412-413D-8D51-A417E39B6960}.Release|Any CPU.ActiveCfg = Release|Any CPU
		{105800AF-F412-413D-8D51-A417E39B6960}.Release|Any CPU.Build.0 = Release|Any CPU
		{105800AF-F412-413D-8D51-A417E39B6960}.Release|x86.ActiveCfg = Release|x86
		{105800AF-F412-413D-8D51-A417E39B6960}.Release|x86.Build.0 = Release|x86
		{D789E6F1-FF0F-441D-AFD4-3F879A49BD1F}.Debug|Any CPU.ActiveCfg = Debug|Any CPU
		{D789E6F1-FF0F-441D-AFD4-3F879A49BD1F}.Debug|Any CPU.Build.0 = Debug|Any CPU
		{D789E6F1-FF0F-441D-AFD4-3F879A49BD1F}.Debug|x86.ActiveCfg = Debug|x86
		{D789E6F1-FF0F-441D-AFD4-3F879A49BD1F}.Debug|x86.Build.0 = Debug|x86
		{D789E6F1-FF0F-441D-AFD4-3F879A49BD1F}.Release|Any CPU.ActiveCfg = Release|Any CPU
		{D789E6F1-FF0F-441D-AFD4-3F879A49BD1F}.Release|Any CPU.Build.0 = Release|Any CPU
		{D789E6F1-FF0F-441D-AFD4-3F879A49BD1F}.Release|x86.ActiveCfg = Release|x86
		{D789E6F1-FF0F-441D-AFD4-3F879A49BD1F}.Release|x86.Build.0 = Release|x86
		{727ADF74-19DA-4644-8B55-967E6FA5C2AE}.Debug|Any CPU.ActiveCfg = Debug|Any CPU
		{727ADF74-19DA-4644-8B55-967E6FA5C2AE}.Debug|Any CPU.Build.0 = Debug|Any CPU
		{727ADF74-19DA-4644-8B55-967E6FA5C2AE}.Debug|x86.ActiveCfg = Debug|x86
		{727ADF74-19DA-4644-8B55-967E6FA5C2AE}.Debug|x86.Build.0 = Debug|x86
		{727ADF74-19DA-4644-8B55-967E6FA5C2AE}.Release|Any CPU.ActiveCfg = Release|Any CPU
		{727ADF74-19DA-4644-8B55-967E6FA5C2AE}.Release|Any CPU.Build.0 = Release|Any CPU
		{727ADF74-19DA-4644-8B55-967E6FA5C2AE}.Release|x86.ActiveCfg = Release|x86
		{727ADF74-19DA-4644-8B55-967E6FA5C2AE}.Release|x86.Build.0 = Release|x86
		{BF9957AB-2A19-4904-B423-BD0A09D0EB01}.Debug|Any CPU.ActiveCfg = Debug|Any CPU
		{BF9957AB-2A19-4904-B423-BD0A09D0EB01}.Debug|Any CPU.Build.0 = Debug|Any CPU
		{BF9957AB-2A19-4904-B423-BD0A09D0EB01}.Debug|x86.ActiveCfg = Debug|x86
		{BF9957AB-2A19-4904-B423-BD0A09D0EB01}.Debug|x86.Build.0 = Debug|x86
		{BF9957AB-2A19-4904-B423-BD0A09D0EB01}.Release|Any CPU.ActiveCfg = Release|Any CPU
		{BF9957AB-2A19-4904-B423-BD0A09D0EB01}.Release|Any CPU.Build.0 = Release|Any CPU
		{BF9957AB-2A19-4904-B423-BD0A09D0EB01}.Release|x86.ActiveCfg = Release|x86
		{BF9957AB-2A19-4904-B423-BD0A09D0EB01}.Release|x86.Build.0 = Release|x86
		{64124F6A-E6FF-44BD-8F50-4B599E848DB5}.Debug|Any CPU.ActiveCfg = Debug|Any CPU
		{64124F6A-E6FF-44BD-8F50-4B599E848DB5}.Debug|Any CPU.Build.0 = Debug|Any CPU
		{64124F6A-E6FF-44BD-8F50-4B599E848DB5}.Debug|x86.ActiveCfg = Debug|x86
		{64124F6A-E6FF-44BD-8F50-4B599E848DB5}.Debug|x86.Build.0 = Debug|x86
		{64124F6A-E6FF-44BD-8F50-4B599E848DB5}.Release|Any CPU.ActiveCfg = Release|Any CPU
		{64124F6A-E6FF-44BD-8F50-4B599E848DB5}.Release|Any CPU.Build.0 = Release|Any CPU
		{64124F6A-E6FF-44BD-8F50-4B599E848DB5}.Release|x86.ActiveCfg = Release|x86
		{64124F6A-E6FF-44BD-8F50-4B599E848DB5}.Release|x86.Build.0 = Release|x86
		{8D34F077-4275-418D-B1C0-CF780E61B8D0}.Debug|Any CPU.ActiveCfg = Debug|Any CPU
		{8D34F077-4275-418D-B1C0-CF780E61B8D0}.Debug|Any CPU.Build.0 = Debug|Any CPU
		{8D34F077-4275-418D-B1C0-CF780E61B8D0}.Debug|x86.ActiveCfg = Debug|x86
		{8D34F077-4275-418D-B1C0-CF780E61B8D0}.Debug|x86.Build.0 = Debug|x86
		{8D34F077-4275-418D-B1C0-CF780E61B8D0}.Release|Any CPU.ActiveCfg = Release|Any CPU
		{8D34F077-4275-418D-B1C0-CF780E61B8D0}.Release|Any CPU.Build.0 = Release|Any CPU
		{8D34F077-4275-418D-B1C0-CF780E61B8D0}.Release|x86.ActiveCfg = Release|x86
		{8D34F077-4275-418D-B1C0-CF780E61B8D0}.Release|x86.Build.0 = Release|x86
		{97C76C15-EED3-45CF-AC3E-E6A5F7445397}.Debug|Any CPU.ActiveCfg = Debug|Any CPU
		{97C76C15-EED3-45CF-AC3E-E6A5F7445397}.Debug|Any CPU.Build.0 = Debug|Any CPU
		{97C76C15-EED3-45CF-AC3E-E6A5F7445397}.Debug|x86.ActiveCfg = Debug|x86
		{97C76C15-EED3-45CF-AC3E-E6A5F7445397}.Debug|x86.Build.0 = Debug|x86
		{97C76C15-EED3-45CF-AC3E-E6A5F7445397}.Release|Any CPU.ActiveCfg = Release|Any CPU
		{97C76C15-EED3-45CF-AC3E-E6A5F7445397}.Release|Any CPU.Build.0 = Release|Any CPU
		{97C76C15-EED3-45CF-AC3E-E6A5F7445397}.Release|x86.ActiveCfg = Release|x86
		{97C76C15-EED3-45CF-AC3E-E6A5F7445397}.Release|x86.Build.0 = Release|x86
	EndGlobalSection
	GlobalSection(SolutionProperties) = preSolution
		HideSolutionNode = FALSE
	EndGlobalSection
EndGlobal
