
Microsoft Visual Studio Solution File, Format Version 12.00
# Visual Studio 2013
VisualStudioVersion = 12.0.40629.0
MinimumVisualStudioVersion = 10.0.40219.1
Project("{FAE04EC0-301F-11D3-BF4B-00C04F79EFBC}") = "SimulationTester", "SimulationTester\SimulationTester.csproj", "{105800AF-F412-413D-8D51-A417E39B6960}"
	ProjectSection(ProjectDependencies) = postProject
		{F84E44C8-5728-4643-96E8-496B508086AE} = {F84E44C8-5728-4643-96E8-496B508086AE}
		{D789E6F1-FF0F-441D-AFD4-3F879A49BD1F} = {D789E6F1-FF0F-441D-AFD4-3F879A49BD1F}
	EndProjectSection
EndProject
Project("{FAE04EC0-301F-11D3-BF4B-00C04F79EFBC}") = "VehicleBehaviours", "VehicleBehaviours\VehicleBehaviours.csproj", "{8D34F077-4275-418D-B1C0-CF780E61B8D0}"
	ProjectSection(ProjectDependencies) = postProject
		{F84E44C8-5728-4643-96E8-496B508086AE} = {F84E44C8-5728-4643-96E8-496B508086AE}
		{D789E6F1-FF0F-441D-AFD4-3F879A49BD1F} = {D789E6F1-FF0F-441D-AFD4-3F879A49BD1F}
	EndProjectSection
EndProject
Project("{FAE04EC0-301F-11D3-BF4B-00C04F79EFBC}") = "Utils", "Utils\Utils.csproj", "{97C76C15-EED3-45CF-AC3E-E6A5F7445397}"
EndProject
Project("{FAE04EC0-301F-11D3-BF4B-00C04F79EFBC}") = "EnvironmentBuilder", "EnvironmentBuilder\EnvironmentBuilder.csproj", "{BF9957AB-2A19-4904-B423-BD0A09D0EB01}"
	ProjectSection(ProjectDependencies) = postProject
		{D789E6F1-FF0F-441D-AFD4-3F879A49BD1F} = {D789E6F1-FF0F-441D-AFD4-3F879A49BD1F}
	EndProjectSection
EndProject
Project("{FAE04EC0-301F-11D3-BF4B-00C04F79EFBC}") = "AckermanVehicle", "AckermanVehicle\AckermanVehicle.csproj", "{F84E44C8-5728-4643-96E8-496B508086AE}"
EndProject
Project("{FAE04EC0-301F-11D3-BF4B-00C04F79EFBC}") = "Simulation", "Simulation\Simulation.csproj", "{D789E6F1-FF0F-441D-AFD4-3F879A49BD1F}"
	ProjectSection(ProjectDependencies) = postProject
		{6293A5DA-4179-4B3D-93B5-84239B65C1A7} = {6293A5DA-4179-4B3D-93B5-84239B65C1A7}
	EndProjectSection
EndProject
Project("{FAE04EC0-301F-11D3-BF4B-00C04F79EFBC}") = "HamsterControls", "HamsterControls\HamsterControls.csproj", "{727ADF74-19DA-4644-8B55-967E6FA5C2AE}"
	ProjectSection(ProjectDependencies) = postProject
		{F84E44C8-5728-4643-96E8-496B508086AE} = {F84E44C8-5728-4643-96E8-496B508086AE}
		{D789E6F1-FF0F-441D-AFD4-3F879A49BD1F} = {D789E6F1-FF0F-441D-AFD4-3F879A49BD1F}
	EndProjectSection
EndProject
Project("{FAE04EC0-301F-11D3-BF4B-00C04F79EFBC}") = "Common", "Common\Common.csproj", "{8B767A0E-F966-4B60-BF0C-3B646B6ACA31}"
	ProjectSection(ProjectDependencies) = postProject
		{F84E44C8-5728-4643-96E8-496B508086AE} = {F84E44C8-5728-4643-96E8-496B508086AE}
	EndProjectSection
EndProject
Project("{FAE04EC0-301F-11D3-BF4B-00C04F79EFBC}") = "Utils.Tests", "Utils.Tests\Utils.Tests.csproj", "{20C1D422-F7F7-495F-9A40-BC4A184555DC}"
EndProject
Project("{FAE04EC0-301F-11D3-BF4B-00C04F79EFBC}") = "SimulationTester.Tests", "SimulationTester.Tests\SimulationTester.Tests.csproj", "{53675094-FF97-481F-87BC-31C085D6809C}"
EndProject
Project("{2150E333-8FDC-42A3-9474-1A3956D46DE8}") = "Tests", "Tests", "{7CF0887C-9775-4D43-9F8D-BB25137798E6}"
EndProject
Project("{FAE04EC0-301F-11D3-BF4B-00C04F79EFBC}") = "DsspUtils", "DsspUtils\DsspUtils.csproj", "{14C5DB20-FEC2-4F39-A4D5-B18885EA1133}"
EndProject
Project("{FAE04EC0-301F-11D3-BF4B-00C04F79EFBC}") = "MapProvider", "MapProvider\MapProvider.csproj", "{2D37BDFC-A8F0-4356-ABCF-487A4A350038}"
EndProject
Project("{FAE04EC0-301F-11D3-BF4B-00C04F79EFBC}") = "MapProvider.Tests", "MapProvider.Tests\MapProvider.Tests.csproj", "{8FC58E7B-066F-4B5C-8F80-45C0F1BB6CB3}"
EndProject
Project("{2150E333-8FDC-42A3-9474-1A3956D46DE8}") = "WaiterStupid Control System", "WaiterStupid Control System", "{BD0E4F7E-95A1-4EB9-96E4-2BF05CCAB755}"
EndProject
Project("{FAE04EC0-301F-11D3-BF4B-00C04F79EFBC}") = "DiffDriveOdometry", "DiffDriveOdometry\DiffDriveOdometry.csproj", "{4372FAD1-D6CE-404D-8738-7A7014B0623A}"
EndProject
Project("{FAE04EC0-301F-11D3-BF4B-00C04F79EFBC}") = "DiffDriveOdometry.Tests", "DiffDriveOdometry.Tests\DiffDriveOdometry.Tests.csproj", "{2ABD9287-BC28-424B-9500-193BFA8C280B}"
EndProject
Project("{FAE04EC0-301F-11D3-BF4B-00C04F79EFBC}") = "McLrfLocalizer", "McLrfLocalizer\McLrfLocalizer.csproj", "{3D1F586F-6408-49E2-83BC-C80716D1C62D}"
	ProjectSection(ProjectDependencies) = postProject
		{4372FAD1-D6CE-404D-8738-7A7014B0623A} = {4372FAD1-D6CE-404D-8738-7A7014B0623A}
	EndProjectSection
EndProject
Project("{FAE04EC0-301F-11D3-BF4B-00C04F79EFBC}") = "McLrfLocalizer.Tests", "McLrfLocalizer.Tests\McLrfLocalizer.Tests.csproj", "{98D8AF9D-B178-4335-A565-4253D6822B63}"
EndProject
Project("{2150E333-8FDC-42A3-9474-1A3956D46DE8}") = "Old", "Old", "{9581C405-9A88-44E2-A6C5-50653B580753}"
EndProject
Project("{FAE04EC0-301F-11D3-BF4B-00C04F79EFBC}") = "PathPlanner.Tests", "PathPlanner.Tests\PathPlanner.Tests.csproj", "{42EEFB02-0DC1-4849-B3DC-989444D3F08E}"
EndProject
Project("{FAE04EC0-301F-11D3-BF4B-00C04F79EFBC}") = "PathPlanner", "PathPlanner\PathPlanner.csproj", "{ACEB8750-11C1-40FF-B01A-2A4D58D7AEA1}"
EndProject
Project("{FAE04EC0-301F-11D3-BF4B-00C04F79EFBC}") = "DwaNavigator", "DwaNavigator\DwaNavigator.csproj", "{6293A5DA-4179-4B3D-93B5-84239B65C1A7}"
	ProjectSection(ProjectDependencies) = postProject
		{4372FAD1-D6CE-404D-8738-7A7014B0623A} = {4372FAD1-D6CE-404D-8738-7A7014B0623A}
	EndProjectSection
EndProject
Project("{FAE04EC0-301F-11D3-BF4B-00C04F79EFBC}") = "DwaNavigator.Tests", "DwaNavigator.Tests\DwaNavigator.Tests.csproj", "{66831759-1D1D-45F3-98FD-77723F8CD2F0}"
EndProject
Project("{FAE04EC0-301F-11D3-BF4B-00C04F79EFBC}") = "Dashboard", "Dashboard\Dashboard.csproj", "{20A6F3F1-9FCA-418B-8807-247ABD555555}"
	ProjectSection(ProjectDependencies) = postProject
		{8B767A0E-F966-4B60-BF0C-3B646B6ACA31} = {8B767A0E-F966-4B60-BF0C-3B646B6ACA31}
		{4372FAD1-D6CE-404D-8738-7A7014B0623A} = {4372FAD1-D6CE-404D-8738-7A7014B0623A}
		{6293A5DA-4179-4B3D-93B5-84239B65C1A7} = {6293A5DA-4179-4B3D-93B5-84239B65C1A7}
		{D789E6F1-FF0F-441D-AFD4-3F879A49BD1F} = {D789E6F1-FF0F-441D-AFD4-3F879A49BD1F}
	EndProjectSection
EndProject
Project("{FAE04EC0-301F-11D3-BF4B-00C04F79EFBC}") = "Common.Tests", "Common.Tests\Common.Tests.csproj", "{C5474478-2624-4481-9771-C5C85389B69A}"
EndProject
Project("{FAE04EC0-301F-11D3-BF4B-00C04F79EFBC}") = "SimulationTests", "SimulationTests\SimulationTests.csproj", "{EB31787C-74FB-4DF8-9F0C-BA656971C021}"
	ProjectSection(ProjectDependencies) = postProject
		{ACEB8750-11C1-40FF-B01A-2A4D58D7AEA1} = {ACEB8750-11C1-40FF-B01A-2A4D58D7AEA1}
		{3D1F586F-6408-49E2-83BC-C80716D1C62D} = {3D1F586F-6408-49E2-83BC-C80716D1C62D}
		{F84E44C8-5728-4643-96E8-496B508086AE} = {F84E44C8-5728-4643-96E8-496B508086AE}
		{4372FAD1-D6CE-404D-8738-7A7014B0623A} = {4372FAD1-D6CE-404D-8738-7A7014B0623A}
		{6293A5DA-4179-4B3D-93B5-84239B65C1A7} = {6293A5DA-4179-4B3D-93B5-84239B65C1A7}
	EndProjectSection
EndProject
Global
	GlobalSection(SolutionConfigurationPlatforms) = preSolution
		Debug|Any CPU = Debug|Any CPU
		Debug|Mixed Platforms = Debug|Mixed Platforms
		Debug|x86 = Debug|x86
		Release|Any CPU = Release|Any CPU
		Release|Mixed Platforms = Release|Mixed Platforms
		Release|x86 = Release|x86
	EndGlobalSection
	GlobalSection(ProjectConfigurationPlatforms) = postSolution
		{105800AF-F412-413D-8D51-A417E39B6960}.Debug|Any CPU.ActiveCfg = Debug|Any CPU
		{105800AF-F412-413D-8D51-A417E39B6960}.Debug|Any CPU.Build.0 = Debug|Any CPU
		{105800AF-F412-413D-8D51-A417E39B6960}.Debug|Mixed Platforms.ActiveCfg = Debug|x86
		{105800AF-F412-413D-8D51-A417E39B6960}.Debug|Mixed Platforms.Build.0 = Debug|x86
		{105800AF-F412-413D-8D51-A417E39B6960}.Debug|x86.ActiveCfg = Debug|x86
		{105800AF-F412-413D-8D51-A417E39B6960}.Debug|x86.Build.0 = Debug|x86
		{105800AF-F412-413D-8D51-A417E39B6960}.Release|Any CPU.ActiveCfg = Release|Any CPU
		{105800AF-F412-413D-8D51-A417E39B6960}.Release|Any CPU.Build.0 = Release|Any CPU
		{105800AF-F412-413D-8D51-A417E39B6960}.Release|Mixed Platforms.ActiveCfg = Release|x86
		{105800AF-F412-413D-8D51-A417E39B6960}.Release|Mixed Platforms.Build.0 = Release|x86
		{105800AF-F412-413D-8D51-A417E39B6960}.Release|x86.ActiveCfg = Release|x86
		{105800AF-F412-413D-8D51-A417E39B6960}.Release|x86.Build.0 = Release|x86
		{8D34F077-4275-418D-B1C0-CF780E61B8D0}.Debug|Any CPU.ActiveCfg = Debug|Any CPU
		{8D34F077-4275-418D-B1C0-CF780E61B8D0}.Debug|Any CPU.Build.0 = Debug|Any CPU
		{8D34F077-4275-418D-B1C0-CF780E61B8D0}.Debug|Mixed Platforms.ActiveCfg = Debug|x86
		{8D34F077-4275-418D-B1C0-CF780E61B8D0}.Debug|Mixed Platforms.Build.0 = Debug|x86
		{8D34F077-4275-418D-B1C0-CF780E61B8D0}.Debug|x86.ActiveCfg = Debug|x86
		{8D34F077-4275-418D-B1C0-CF780E61B8D0}.Debug|x86.Build.0 = Debug|x86
		{8D34F077-4275-418D-B1C0-CF780E61B8D0}.Release|Any CPU.ActiveCfg = Release|Any CPU
		{8D34F077-4275-418D-B1C0-CF780E61B8D0}.Release|Any CPU.Build.0 = Release|Any CPU
		{8D34F077-4275-418D-B1C0-CF780E61B8D0}.Release|Mixed Platforms.ActiveCfg = Release|x86
		{8D34F077-4275-418D-B1C0-CF780E61B8D0}.Release|Mixed Platforms.Build.0 = Release|x86
		{8D34F077-4275-418D-B1C0-CF780E61B8D0}.Release|x86.ActiveCfg = Release|x86
		{8D34F077-4275-418D-B1C0-CF780E61B8D0}.Release|x86.Build.0 = Release|x86
		{97C76C15-EED3-45CF-AC3E-E6A5F7445397}.Debug|Any CPU.ActiveCfg = Debug|Any CPU
		{97C76C15-EED3-45CF-AC3E-E6A5F7445397}.Debug|Any CPU.Build.0 = Debug|Any CPU
		{97C76C15-EED3-45CF-AC3E-E6A5F7445397}.Debug|Mixed Platforms.ActiveCfg = Debug|x86
		{97C76C15-EED3-45CF-AC3E-E6A5F7445397}.Debug|Mixed Platforms.Build.0 = Debug|x86
		{97C76C15-EED3-45CF-AC3E-E6A5F7445397}.Debug|x86.ActiveCfg = Debug|x86
		{97C76C15-EED3-45CF-AC3E-E6A5F7445397}.Debug|x86.Build.0 = Debug|x86
		{97C76C15-EED3-45CF-AC3E-E6A5F7445397}.Release|Any CPU.ActiveCfg = Release|Any CPU
		{97C76C15-EED3-45CF-AC3E-E6A5F7445397}.Release|Any CPU.Build.0 = Release|Any CPU
		{97C76C15-EED3-45CF-AC3E-E6A5F7445397}.Release|Mixed Platforms.ActiveCfg = Release|x86
		{97C76C15-EED3-45CF-AC3E-E6A5F7445397}.Release|Mixed Platforms.Build.0 = Release|x86
		{97C76C15-EED3-45CF-AC3E-E6A5F7445397}.Release|x86.ActiveCfg = Release|x86
		{97C76C15-EED3-45CF-AC3E-E6A5F7445397}.Release|x86.Build.0 = Release|x86
		{BF9957AB-2A19-4904-B423-BD0A09D0EB01}.Debug|Any CPU.ActiveCfg = Debug|Any CPU
		{BF9957AB-2A19-4904-B423-BD0A09D0EB01}.Debug|Any CPU.Build.0 = Debug|Any CPU
		{BF9957AB-2A19-4904-B423-BD0A09D0EB01}.Debug|Mixed Platforms.ActiveCfg = Debug|x86
		{BF9957AB-2A19-4904-B423-BD0A09D0EB01}.Debug|Mixed Platforms.Build.0 = Debug|x86
		{BF9957AB-2A19-4904-B423-BD0A09D0EB01}.Debug|x86.ActiveCfg = Debug|x86
		{BF9957AB-2A19-4904-B423-BD0A09D0EB01}.Debug|x86.Build.0 = Debug|x86
		{BF9957AB-2A19-4904-B423-BD0A09D0EB01}.Release|Any CPU.ActiveCfg = Release|Any CPU
		{BF9957AB-2A19-4904-B423-BD0A09D0EB01}.Release|Any CPU.Build.0 = Release|Any CPU
		{BF9957AB-2A19-4904-B423-BD0A09D0EB01}.Release|Mixed Platforms.ActiveCfg = Release|x86
		{BF9957AB-2A19-4904-B423-BD0A09D0EB01}.Release|Mixed Platforms.Build.0 = Release|x86
		{BF9957AB-2A19-4904-B423-BD0A09D0EB01}.Release|x86.ActiveCfg = Release|x86
		{BF9957AB-2A19-4904-B423-BD0A09D0EB01}.Release|x86.Build.0 = Release|x86
		{F84E44C8-5728-4643-96E8-496B508086AE}.Debug|Any CPU.ActiveCfg = Debug|Any CPU
		{F84E44C8-5728-4643-96E8-496B508086AE}.Debug|Any CPU.Build.0 = Debug|Any CPU
		{F84E44C8-5728-4643-96E8-496B508086AE}.Debug|Mixed Platforms.ActiveCfg = Debug|x86
		{F84E44C8-5728-4643-96E8-496B508086AE}.Debug|Mixed Platforms.Build.0 = Debug|x86
		{F84E44C8-5728-4643-96E8-496B508086AE}.Debug|x86.ActiveCfg = Debug|x86
		{F84E44C8-5728-4643-96E8-496B508086AE}.Debug|x86.Build.0 = Debug|x86
		{F84E44C8-5728-4643-96E8-496B508086AE}.Release|Any CPU.ActiveCfg = Release|Any CPU
		{F84E44C8-5728-4643-96E8-496B508086AE}.Release|Any CPU.Build.0 = Release|Any CPU
		{F84E44C8-5728-4643-96E8-496B508086AE}.Release|Mixed Platforms.ActiveCfg = Release|x86
		{F84E44C8-5728-4643-96E8-496B508086AE}.Release|Mixed Platforms.Build.0 = Release|x86
		{F84E44C8-5728-4643-96E8-496B508086AE}.Release|x86.ActiveCfg = Release|x86
		{F84E44C8-5728-4643-96E8-496B508086AE}.Release|x86.Build.0 = Release|x86
		{D789E6F1-FF0F-441D-AFD4-3F879A49BD1F}.Debug|Any CPU.ActiveCfg = Debug|Any CPU
		{D789E6F1-FF0F-441D-AFD4-3F879A49BD1F}.Debug|Any CPU.Build.0 = Debug|Any CPU
		{D789E6F1-FF0F-441D-AFD4-3F879A49BD1F}.Debug|Mixed Platforms.ActiveCfg = Debug|x86
		{D789E6F1-FF0F-441D-AFD4-3F879A49BD1F}.Debug|Mixed Platforms.Build.0 = Debug|x86
		{D789E6F1-FF0F-441D-AFD4-3F879A49BD1F}.Debug|x86.ActiveCfg = Debug|x86
		{D789E6F1-FF0F-441D-AFD4-3F879A49BD1F}.Debug|x86.Build.0 = Debug|x86
		{D789E6F1-FF0F-441D-AFD4-3F879A49BD1F}.Release|Any CPU.ActiveCfg = Release|Any CPU
		{D789E6F1-FF0F-441D-AFD4-3F879A49BD1F}.Release|Any CPU.Build.0 = Release|Any CPU
		{D789E6F1-FF0F-441D-AFD4-3F879A49BD1F}.Release|Mixed Platforms.ActiveCfg = Release|x86
		{D789E6F1-FF0F-441D-AFD4-3F879A49BD1F}.Release|Mixed Platforms.Build.0 = Release|x86
		{D789E6F1-FF0F-441D-AFD4-3F879A49BD1F}.Release|x86.ActiveCfg = Release|x86
		{D789E6F1-FF0F-441D-AFD4-3F879A49BD1F}.Release|x86.Build.0 = Release|x86
		{727ADF74-19DA-4644-8B55-967E6FA5C2AE}.Debug|Any CPU.ActiveCfg = Debug|Any CPU
		{727ADF74-19DA-4644-8B55-967E6FA5C2AE}.Debug|Any CPU.Build.0 = Debug|Any CPU
		{727ADF74-19DA-4644-8B55-967E6FA5C2AE}.Debug|Mixed Platforms.ActiveCfg = Debug|x86
		{727ADF74-19DA-4644-8B55-967E6FA5C2AE}.Debug|Mixed Platforms.Build.0 = Debug|x86
		{727ADF74-19DA-4644-8B55-967E6FA5C2AE}.Debug|x86.ActiveCfg = Debug|x86
		{727ADF74-19DA-4644-8B55-967E6FA5C2AE}.Debug|x86.Build.0 = Debug|x86
		{727ADF74-19DA-4644-8B55-967E6FA5C2AE}.Release|Any CPU.ActiveCfg = Release|Any CPU
		{727ADF74-19DA-4644-8B55-967E6FA5C2AE}.Release|Any CPU.Build.0 = Release|Any CPU
		{727ADF74-19DA-4644-8B55-967E6FA5C2AE}.Release|Mixed Platforms.ActiveCfg = Release|x86
		{727ADF74-19DA-4644-8B55-967E6FA5C2AE}.Release|Mixed Platforms.Build.0 = Release|x86
		{727ADF74-19DA-4644-8B55-967E6FA5C2AE}.Release|x86.ActiveCfg = Release|x86
		{727ADF74-19DA-4644-8B55-967E6FA5C2AE}.Release|x86.Build.0 = Release|x86
		{8B767A0E-F966-4B60-BF0C-3B646B6ACA31}.Debug|Any CPU.ActiveCfg = Debug|Any CPU
		{8B767A0E-F966-4B60-BF0C-3B646B6ACA31}.Debug|Any CPU.Build.0 = Debug|Any CPU
		{8B767A0E-F966-4B60-BF0C-3B646B6ACA31}.Debug|Mixed Platforms.ActiveCfg = Debug|x86
		{8B767A0E-F966-4B60-BF0C-3B646B6ACA31}.Debug|Mixed Platforms.Build.0 = Debug|x86
		{8B767A0E-F966-4B60-BF0C-3B646B6ACA31}.Debug|x86.ActiveCfg = Debug|x86
		{8B767A0E-F966-4B60-BF0C-3B646B6ACA31}.Debug|x86.Build.0 = Debug|x86
		{8B767A0E-F966-4B60-BF0C-3B646B6ACA31}.Release|Any CPU.ActiveCfg = Release|Any CPU
		{8B767A0E-F966-4B60-BF0C-3B646B6ACA31}.Release|Any CPU.Build.0 = Release|Any CPU
		{8B767A0E-F966-4B60-BF0C-3B646B6ACA31}.Release|Mixed Platforms.ActiveCfg = Release|Any CPU
		{8B767A0E-F966-4B60-BF0C-3B646B6ACA31}.Release|Mixed Platforms.Build.0 = Release|Any CPU
		{8B767A0E-F966-4B60-BF0C-3B646B6ACA31}.Release|x86.ActiveCfg = Release|Any CPU
		{20C1D422-F7F7-495F-9A40-BC4A184555DC}.Debug|Any CPU.ActiveCfg = Debug|Any CPU
		{20C1D422-F7F7-495F-9A40-BC4A184555DC}.Debug|Any CPU.Build.0 = Debug|Any CPU
		{20C1D422-F7F7-495F-9A40-BC4A184555DC}.Debug|Mixed Platforms.ActiveCfg = Debug|x86
		{20C1D422-F7F7-495F-9A40-BC4A184555DC}.Debug|Mixed Platforms.Build.0 = Debug|x86
		{20C1D422-F7F7-495F-9A40-BC4A184555DC}.Debug|x86.ActiveCfg = Debug|x86
		{20C1D422-F7F7-495F-9A40-BC4A184555DC}.Debug|x86.Build.0 = Debug|x86
		{20C1D422-F7F7-495F-9A40-BC4A184555DC}.Release|Any CPU.ActiveCfg = Release|Any CPU
		{20C1D422-F7F7-495F-9A40-BC4A184555DC}.Release|Any CPU.Build.0 = Release|Any CPU
		{20C1D422-F7F7-495F-9A40-BC4A184555DC}.Release|Mixed Platforms.ActiveCfg = Release|Any CPU
		{20C1D422-F7F7-495F-9A40-BC4A184555DC}.Release|Mixed Platforms.Build.0 = Release|Any CPU
		{20C1D422-F7F7-495F-9A40-BC4A184555DC}.Release|x86.ActiveCfg = Release|Any CPU
		{53675094-FF97-481F-87BC-31C085D6809C}.Debug|Any CPU.ActiveCfg = Debug|Any CPU
		{53675094-FF97-481F-87BC-31C085D6809C}.Debug|Any CPU.Build.0 = Debug|Any CPU
		{53675094-FF97-481F-87BC-31C085D6809C}.Debug|Mixed Platforms.ActiveCfg = Debug|x86
		{53675094-FF97-481F-87BC-31C085D6809C}.Debug|Mixed Platforms.Build.0 = Debug|x86
		{53675094-FF97-481F-87BC-31C085D6809C}.Debug|x86.ActiveCfg = Debug|x86
		{53675094-FF97-481F-87BC-31C085D6809C}.Debug|x86.Build.0 = Debug|x86
		{53675094-FF97-481F-87BC-31C085D6809C}.Release|Any CPU.ActiveCfg = Release|Any CPU
		{53675094-FF97-481F-87BC-31C085D6809C}.Release|Any CPU.Build.0 = Release|Any CPU
		{53675094-FF97-481F-87BC-31C085D6809C}.Release|Mixed Platforms.ActiveCfg = Release|Any CPU
		{53675094-FF97-481F-87BC-31C085D6809C}.Release|Mixed Platforms.Build.0 = Release|Any CPU
		{53675094-FF97-481F-87BC-31C085D6809C}.Release|x86.ActiveCfg = Release|Any CPU
		{14C5DB20-FEC2-4F39-A4D5-B18885EA1133}.Debug|Any CPU.ActiveCfg = Debug|Any CPU
		{14C5DB20-FEC2-4F39-A4D5-B18885EA1133}.Debug|Any CPU.Build.0 = Debug|Any CPU
		{14C5DB20-FEC2-4F39-A4D5-B18885EA1133}.Debug|Mixed Platforms.ActiveCfg = Debug|x86
		{14C5DB20-FEC2-4F39-A4D5-B18885EA1133}.Debug|Mixed Platforms.Build.0 = Debug|x86
		{14C5DB20-FEC2-4F39-A4D5-B18885EA1133}.Debug|x86.ActiveCfg = Debug|x86
		{14C5DB20-FEC2-4F39-A4D5-B18885EA1133}.Debug|x86.Build.0 = Debug|x86
		{14C5DB20-FEC2-4F39-A4D5-B18885EA1133}.Release|Any CPU.ActiveCfg = Release|Any CPU
		{14C5DB20-FEC2-4F39-A4D5-B18885EA1133}.Release|Any CPU.Build.0 = Release|Any CPU
		{14C5DB20-FEC2-4F39-A4D5-B18885EA1133}.Release|Mixed Platforms.ActiveCfg = Release|Any CPU
		{14C5DB20-FEC2-4F39-A4D5-B18885EA1133}.Release|Mixed Platforms.Build.0 = Release|Any CPU
		{14C5DB20-FEC2-4F39-A4D5-B18885EA1133}.Release|x86.ActiveCfg = Release|Any CPU
		{2D37BDFC-A8F0-4356-ABCF-487A4A350038}.Debug|Any CPU.ActiveCfg = Debug|Any CPU
		{2D37BDFC-A8F0-4356-ABCF-487A4A350038}.Debug|Any CPU.Build.0 = Debug|Any CPU
		{2D37BDFC-A8F0-4356-ABCF-487A4A350038}.Debug|Mixed Platforms.ActiveCfg = Debug|x86
		{2D37BDFC-A8F0-4356-ABCF-487A4A350038}.Debug|Mixed Platforms.Build.0 = Debug|x86
		{2D37BDFC-A8F0-4356-ABCF-487A4A350038}.Debug|x86.ActiveCfg = Debug|x86
		{2D37BDFC-A8F0-4356-ABCF-487A4A350038}.Debug|x86.Build.0 = Debug|x86
		{2D37BDFC-A8F0-4356-ABCF-487A4A350038}.Release|Any CPU.ActiveCfg = Release|Any CPU
		{2D37BDFC-A8F0-4356-ABCF-487A4A350038}.Release|Any CPU.Build.0 = Release|Any CPU
		{2D37BDFC-A8F0-4356-ABCF-487A4A350038}.Release|Mixed Platforms.ActiveCfg = Release|x86
		{2D37BDFC-A8F0-4356-ABCF-487A4A350038}.Release|Mixed Platforms.Build.0 = Release|x86
		{2D37BDFC-A8F0-4356-ABCF-487A4A350038}.Release|x86.ActiveCfg = Release|x86
		{2D37BDFC-A8F0-4356-ABCF-487A4A350038}.Release|x86.Build.0 = Release|x86
		{8FC58E7B-066F-4B5C-8F80-45C0F1BB6CB3}.Debug|Any CPU.ActiveCfg = Debug|Any CPU
		{8FC58E7B-066F-4B5C-8F80-45C0F1BB6CB3}.Debug|Any CPU.Build.0 = Debug|Any CPU
		{8FC58E7B-066F-4B5C-8F80-45C0F1BB6CB3}.Debug|Mixed Platforms.ActiveCfg = Debug|x86
		{8FC58E7B-066F-4B5C-8F80-45C0F1BB6CB3}.Debug|Mixed Platforms.Build.0 = Debug|x86
		{8FC58E7B-066F-4B5C-8F80-45C0F1BB6CB3}.Debug|x86.ActiveCfg = Debug|x86
		{8FC58E7B-066F-4B5C-8F80-45C0F1BB6CB3}.Debug|x86.Build.0 = Debug|x86
		{8FC58E7B-066F-4B5C-8F80-45C0F1BB6CB3}.Release|Any CPU.ActiveCfg = Release|Any CPU
		{8FC58E7B-066F-4B5C-8F80-45C0F1BB6CB3}.Release|Any CPU.Build.0 = Release|Any CPU
		{8FC58E7B-066F-4B5C-8F80-45C0F1BB6CB3}.Release|Mixed Platforms.ActiveCfg = Release|Any CPU
		{8FC58E7B-066F-4B5C-8F80-45C0F1BB6CB3}.Release|Mixed Platforms.Build.0 = Release|Any CPU
		{8FC58E7B-066F-4B5C-8F80-45C0F1BB6CB3}.Release|x86.ActiveCfg = Release|Any CPU
		{4372FAD1-D6CE-404D-8738-7A7014B0623A}.Debug|Any CPU.ActiveCfg = Debug|Any CPU
		{4372FAD1-D6CE-404D-8738-7A7014B0623A}.Debug|Any CPU.Build.0 = Debug|Any CPU
		{4372FAD1-D6CE-404D-8738-7A7014B0623A}.Debug|Mixed Platforms.ActiveCfg = Debug|x86
		{4372FAD1-D6CE-404D-8738-7A7014B0623A}.Debug|Mixed Platforms.Build.0 = Debug|x86
		{4372FAD1-D6CE-404D-8738-7A7014B0623A}.Debug|x86.ActiveCfg = Debug|x86
		{4372FAD1-D6CE-404D-8738-7A7014B0623A}.Debug|x86.Build.0 = Debug|x86
		{4372FAD1-D6CE-404D-8738-7A7014B0623A}.Release|Any CPU.ActiveCfg = Release|Any CPU
		{4372FAD1-D6CE-404D-8738-7A7014B0623A}.Release|Any CPU.Build.0 = Release|Any CPU
		{4372FAD1-D6CE-404D-8738-7A7014B0623A}.Release|Mixed Platforms.ActiveCfg = Release|x86
		{4372FAD1-D6CE-404D-8738-7A7014B0623A}.Release|Mixed Platforms.Build.0 = Release|x86
		{4372FAD1-D6CE-404D-8738-7A7014B0623A}.Release|x86.ActiveCfg = Release|x86
		{4372FAD1-D6CE-404D-8738-7A7014B0623A}.Release|x86.Build.0 = Release|x86
		{2ABD9287-BC28-424B-9500-193BFA8C280B}.Debug|Any CPU.ActiveCfg = Debug|Any CPU
		{2ABD9287-BC28-424B-9500-193BFA8C280B}.Debug|Any CPU.Build.0 = Debug|Any CPU
		{2ABD9287-BC28-424B-9500-193BFA8C280B}.Debug|Mixed Platforms.ActiveCfg = Debug|x86
		{2ABD9287-BC28-424B-9500-193BFA8C280B}.Debug|Mixed Platforms.Build.0 = Debug|x86
		{2ABD9287-BC28-424B-9500-193BFA8C280B}.Debug|x86.ActiveCfg = Debug|x86
		{2ABD9287-BC28-424B-9500-193BFA8C280B}.Debug|x86.Build.0 = Debug|x86
		{2ABD9287-BC28-424B-9500-193BFA8C280B}.Release|Any CPU.ActiveCfg = Release|Any CPU
		{2ABD9287-BC28-424B-9500-193BFA8C280B}.Release|Any CPU.Build.0 = Release|Any CPU
		{2ABD9287-BC28-424B-9500-193BFA8C280B}.Release|Mixed Platforms.ActiveCfg = Release|x86
		{2ABD9287-BC28-424B-9500-193BFA8C280B}.Release|Mixed Platforms.Build.0 = Release|x86
		{2ABD9287-BC28-424B-9500-193BFA8C280B}.Release|x86.ActiveCfg = Release|x86
		{2ABD9287-BC28-424B-9500-193BFA8C280B}.Release|x86.Build.0 = Release|x86
		{3D1F586F-6408-49E2-83BC-C80716D1C62D}.Debug|Any CPU.ActiveCfg = Debug|Any CPU
		{3D1F586F-6408-49E2-83BC-C80716D1C62D}.Debug|Any CPU.Build.0 = Debug|Any CPU
		{3D1F586F-6408-49E2-83BC-C80716D1C62D}.Debug|Mixed Platforms.ActiveCfg = Debug|x86
		{3D1F586F-6408-49E2-83BC-C80716D1C62D}.Debug|Mixed Platforms.Build.0 = Debug|x86
		{3D1F586F-6408-49E2-83BC-C80716D1C62D}.Debug|x86.ActiveCfg = Debug|x86
		{3D1F586F-6408-49E2-83BC-C80716D1C62D}.Debug|x86.Build.0 = Debug|x86
		{3D1F586F-6408-49E2-83BC-C80716D1C62D}.Release|Any CPU.ActiveCfg = Release|Any CPU
		{3D1F586F-6408-49E2-83BC-C80716D1C62D}.Release|Any CPU.Build.0 = Release|Any CPU
		{3D1F586F-6408-49E2-83BC-C80716D1C62D}.Release|Mixed Platforms.ActiveCfg = Release|x86
		{3D1F586F-6408-49E2-83BC-C80716D1C62D}.Release|Mixed Platforms.Build.0 = Release|x86
		{3D1F586F-6408-49E2-83BC-C80716D1C62D}.Release|x86.ActiveCfg = Release|x86
		{3D1F586F-6408-49E2-83BC-C80716D1C62D}.Release|x86.Build.0 = Release|x86
		{98D8AF9D-B178-4335-A565-4253D6822B63}.Debug|Any CPU.ActiveCfg = Debug|Any CPU
		{98D8AF9D-B178-4335-A565-4253D6822B63}.Debug|Any CPU.Build.0 = Debug|Any CPU
		{98D8AF9D-B178-4335-A565-4253D6822B63}.Debug|Mixed Platforms.ActiveCfg = Debug|x86
		{98D8AF9D-B178-4335-A565-4253D6822B63}.Debug|Mixed Platforms.Build.0 = Debug|x86
		{98D8AF9D-B178-4335-A565-4253D6822B63}.Debug|x86.ActiveCfg = Debug|x86
		{98D8AF9D-B178-4335-A565-4253D6822B63}.Debug|x86.Build.0 = Debug|x86
		{98D8AF9D-B178-4335-A565-4253D6822B63}.Release|Any CPU.ActiveCfg = Release|Any CPU
		{98D8AF9D-B178-4335-A565-4253D6822B63}.Release|Any CPU.Build.0 = Release|Any CPU
		{98D8AF9D-B178-4335-A565-4253D6822B63}.Release|Mixed Platforms.ActiveCfg = Release|x86
		{98D8AF9D-B178-4335-A565-4253D6822B63}.Release|Mixed Platforms.Build.0 = Release|x86
		{98D8AF9D-B178-4335-A565-4253D6822B63}.Release|x86.ActiveCfg = Release|x86
		{98D8AF9D-B178-4335-A565-4253D6822B63}.Release|x86.Build.0 = Release|x86
		{42EEFB02-0DC1-4849-B3DC-989444D3F08E}.Debug|Any CPU.ActiveCfg = Debug|Any CPU
		{42EEFB02-0DC1-4849-B3DC-989444D3F08E}.Debug|Any CPU.Build.0 = Debug|Any CPU
		{42EEFB02-0DC1-4849-B3DC-989444D3F08E}.Debug|Mixed Platforms.ActiveCfg = Debug|x86
		{42EEFB02-0DC1-4849-B3DC-989444D3F08E}.Debug|Mixed Platforms.Build.0 = Debug|x86
		{42EEFB02-0DC1-4849-B3DC-989444D3F08E}.Debug|x86.ActiveCfg = Debug|x86
		{42EEFB02-0DC1-4849-B3DC-989444D3F08E}.Debug|x86.Build.0 = Debug|x86
		{42EEFB02-0DC1-4849-B3DC-989444D3F08E}.Release|Any CPU.ActiveCfg = Release|Any CPU
		{42EEFB02-0DC1-4849-B3DC-989444D3F08E}.Release|Any CPU.Build.0 = Release|Any CPU
		{42EEFB02-0DC1-4849-B3DC-989444D3F08E}.Release|Mixed Platforms.ActiveCfg = Release|Any CPU
		{42EEFB02-0DC1-4849-B3DC-989444D3F08E}.Release|Mixed Platforms.Build.0 = Release|Any CPU
		{42EEFB02-0DC1-4849-B3DC-989444D3F08E}.Release|x86.ActiveCfg = Release|Any CPU
		{ACEB8750-11C1-40FF-B01A-2A4D58D7AEA1}.Debug|Any CPU.ActiveCfg = Debug|Any CPU
		{ACEB8750-11C1-40FF-B01A-2A4D58D7AEA1}.Debug|Any CPU.Build.0 = Debug|Any CPU
		{ACEB8750-11C1-40FF-B01A-2A4D58D7AEA1}.Debug|Mixed Platforms.ActiveCfg = Debug|x86
		{ACEB8750-11C1-40FF-B01A-2A4D58D7AEA1}.Debug|Mixed Platforms.Build.0 = Debug|x86
		{ACEB8750-11C1-40FF-B01A-2A4D58D7AEA1}.Debug|x86.ActiveCfg = Debug|x86
		{ACEB8750-11C1-40FF-B01A-2A4D58D7AEA1}.Debug|x86.Build.0 = Debug|x86
		{ACEB8750-11C1-40FF-B01A-2A4D58D7AEA1}.Release|Any CPU.ActiveCfg = Release|Any CPU
		{ACEB8750-11C1-40FF-B01A-2A4D58D7AEA1}.Release|Any CPU.Build.0 = Release|Any CPU
		{ACEB8750-11C1-40FF-B01A-2A4D58D7AEA1}.Release|Mixed Platforms.ActiveCfg = Release|x86
		{ACEB8750-11C1-40FF-B01A-2A4D58D7AEA1}.Release|Mixed Platforms.Build.0 = Release|x86
		{ACEB8750-11C1-40FF-B01A-2A4D58D7AEA1}.Release|x86.ActiveCfg = Release|x86
		{ACEB8750-11C1-40FF-B01A-2A4D58D7AEA1}.Release|x86.Build.0 = Release|x86
		{6293A5DA-4179-4B3D-93B5-84239B65C1A7}.Debug|Any CPU.ActiveCfg = Debug|Any CPU
		{6293A5DA-4179-4B3D-93B5-84239B65C1A7}.Debug|Any CPU.Build.0 = Debug|Any CPU
		{6293A5DA-4179-4B3D-93B5-84239B65C1A7}.Debug|Mixed Platforms.ActiveCfg = Debug|x86
		{6293A5DA-4179-4B3D-93B5-84239B65C1A7}.Debug|Mixed Platforms.Build.0 = Debug|x86
		{6293A5DA-4179-4B3D-93B5-84239B65C1A7}.Debug|x86.ActiveCfg = Debug|x86
		{6293A5DA-4179-4B3D-93B5-84239B65C1A7}.Debug|x86.Build.0 = Debug|x86
		{6293A5DA-4179-4B3D-93B5-84239B65C1A7}.Release|Any CPU.ActiveCfg = Release|Any CPU
		{6293A5DA-4179-4B3D-93B5-84239B65C1A7}.Release|Any CPU.Build.0 = Release|Any CPU
		{6293A5DA-4179-4B3D-93B5-84239B65C1A7}.Release|Mixed Platforms.ActiveCfg = Release|x86
		{6293A5DA-4179-4B3D-93B5-84239B65C1A7}.Release|Mixed Platforms.Build.0 = Release|x86
		{6293A5DA-4179-4B3D-93B5-84239B65C1A7}.Release|x86.ActiveCfg = Release|x86
		{6293A5DA-4179-4B3D-93B5-84239B65C1A7}.Release|x86.Build.0 = Release|x86
		{66831759-1D1D-45F3-98FD-77723F8CD2F0}.Debug|Any CPU.ActiveCfg = Debug|Any CPU
		{66831759-1D1D-45F3-98FD-77723F8CD2F0}.Debug|Any CPU.Build.0 = Debug|Any CPU
		{66831759-1D1D-45F3-98FD-77723F8CD2F0}.Debug|Mixed Platforms.ActiveCfg = Debug|x86
		{66831759-1D1D-45F3-98FD-77723F8CD2F0}.Debug|Mixed Platforms.Build.0 = Debug|x86
		{66831759-1D1D-45F3-98FD-77723F8CD2F0}.Debug|x86.ActiveCfg = Debug|x86
		{66831759-1D1D-45F3-98FD-77723F8CD2F0}.Debug|x86.Build.0 = Debug|x86
		{66831759-1D1D-45F3-98FD-77723F8CD2F0}.Release|Any CPU.ActiveCfg = Release|Any CPU
		{66831759-1D1D-45F3-98FD-77723F8CD2F0}.Release|Any CPU.Build.0 = Release|Any CPU
		{66831759-1D1D-45F3-98FD-77723F8CD2F0}.Release|Mixed Platforms.ActiveCfg = Release|x86
		{66831759-1D1D-45F3-98FD-77723F8CD2F0}.Release|Mixed Platforms.Build.0 = Release|x86
		{66831759-1D1D-45F3-98FD-77723F8CD2F0}.Release|x86.ActiveCfg = Release|x86
		{66831759-1D1D-45F3-98FD-77723F8CD2F0}.Release|x86.Build.0 = Release|x86
		{20A6F3F1-9FCA-418B-8807-247ABD555555}.Debug|Any CPU.ActiveCfg = Debug|Any CPU
		{20A6F3F1-9FCA-418B-8807-247ABD555555}.Debug|Any CPU.Build.0 = Debug|Any CPU
		{20A6F3F1-9FCA-418B-8807-247ABD555555}.Debug|Mixed Platforms.ActiveCfg = Debug|x86
		{20A6F3F1-9FCA-418B-8807-247ABD555555}.Debug|Mixed Platforms.Build.0 = Debug|x86
		{20A6F3F1-9FCA-418B-8807-247ABD555555}.Debug|x86.ActiveCfg = Debug|x86
		{20A6F3F1-9FCA-418B-8807-247ABD555555}.Debug|x86.Build.0 = Debug|x86
		{20A6F3F1-9FCA-418B-8807-247ABD555555}.Release|Any CPU.ActiveCfg = Release|Any CPU
		{20A6F3F1-9FCA-418B-8807-247ABD555555}.Release|Any CPU.Build.0 = Release|Any CPU
		{20A6F3F1-9FCA-418B-8807-247ABD555555}.Release|Mixed Platforms.ActiveCfg = Release|x86
		{20A6F3F1-9FCA-418B-8807-247ABD555555}.Release|Mixed Platforms.Build.0 = Release|x86
		{20A6F3F1-9FCA-418B-8807-247ABD555555}.Release|x86.ActiveCfg = Release|x86
		{20A6F3F1-9FCA-418B-8807-247ABD555555}.Release|x86.Build.0 = Release|x86
		{C5474478-2624-4481-9771-C5C85389B69A}.Debug|Any CPU.ActiveCfg = Debug|Any CPU
		{C5474478-2624-4481-9771-C5C85389B69A}.Debug|Any CPU.Build.0 = Debug|Any CPU
		{C5474478-2624-4481-9771-C5C85389B69A}.Debug|Mixed Platforms.ActiveCfg = Debug|x86
		{C5474478-2624-4481-9771-C5C85389B69A}.Debug|Mixed Platforms.Build.0 = Debug|x86
		{C5474478-2624-4481-9771-C5C85389B69A}.Debug|x86.ActiveCfg = Debug|x86
		{C5474478-2624-4481-9771-C5C85389B69A}.Debug|x86.Build.0 = Debug|x86
		{C5474478-2624-4481-9771-C5C85389B69A}.Release|Any CPU.ActiveCfg = Release|Any CPU
		{C5474478-2624-4481-9771-C5C85389B69A}.Release|Any CPU.Build.0 = Release|Any CPU
		{C5474478-2624-4481-9771-C5C85389B69A}.Release|Mixed Platforms.ActiveCfg = Release|x86
		{C5474478-2624-4481-9771-C5C85389B69A}.Release|Mixed Platforms.Build.0 = Release|x86
		{C5474478-2624-4481-9771-C5C85389B69A}.Release|x86.ActiveCfg = Release|x86
		{C5474478-2624-4481-9771-C5C85389B69A}.Release|x86.Build.0 = Release|x86
		{EB31787C-74FB-4DF8-9F0C-BA656971C021}.Debug|Any CPU.ActiveCfg = Debug|Any CPU
		{EB31787C-74FB-4DF8-9F0C-BA656971C021}.Debug|Any CPU.Build.0 = Debug|Any CPU
		{EB31787C-74FB-4DF8-9F0C-BA656971C021}.Debug|Mixed Platforms.ActiveCfg = Debug|Any CPU
		{EB31787C-74FB-4DF8-9F0C-BA656971C021}.Debug|Mixed Platforms.Build.0 = Debug|Any CPU
		{EB31787C-74FB-4DF8-9F0C-BA656971C021}.Debug|x86.ActiveCfg = Debug|x86
		{EB31787C-74FB-4DF8-9F0C-BA656971C021}.Debug|x86.Build.0 = Debug|x86
		{EB31787C-74FB-4DF8-9F0C-BA656971C021}.Release|Any CPU.ActiveCfg = Release|Any CPU
		{EB31787C-74FB-4DF8-9F0C-BA656971C021}.Release|Any CPU.Build.0 = Release|Any CPU
		{EB31787C-74FB-4DF8-9F0C-BA656971C021}.Release|Mixed Platforms.ActiveCfg = Release|Any CPU
		{EB31787C-74FB-4DF8-9F0C-BA656971C021}.Release|Mixed Platforms.Build.0 = Release|Any CPU
		{EB31787C-74FB-4DF8-9F0C-BA656971C021}.Release|x86.ActiveCfg = Release|Any CPU
	EndGlobalSection
	GlobalSection(SolutionProperties) = preSolution
		HideSolutionNode = FALSE
	EndGlobalSection
	GlobalSection(NestedProjects) = preSolution
		{8D34F077-4275-418D-B1C0-CF780E61B8D0} = {9581C405-9A88-44E2-A6C5-50653B580753}
		{727ADF74-19DA-4644-8B55-967E6FA5C2AE} = {9581C405-9A88-44E2-A6C5-50653B580753}
		{8B767A0E-F966-4B60-BF0C-3B646B6ACA31} = {BD0E4F7E-95A1-4EB9-96E4-2BF05CCAB755}
		{20C1D422-F7F7-495F-9A40-BC4A184555DC} = {7CF0887C-9775-4D43-9F8D-BB25137798E6}
		{53675094-FF97-481F-87BC-31C085D6809C} = {7CF0887C-9775-4D43-9F8D-BB25137798E6}
		{2D37BDFC-A8F0-4356-ABCF-487A4A350038} = {BD0E4F7E-95A1-4EB9-96E4-2BF05CCAB755}
		{8FC58E7B-066F-4B5C-8F80-45C0F1BB6CB3} = {7CF0887C-9775-4D43-9F8D-BB25137798E6}
		{4372FAD1-D6CE-404D-8738-7A7014B0623A} = {BD0E4F7E-95A1-4EB9-96E4-2BF05CCAB755}
		{2ABD9287-BC28-424B-9500-193BFA8C280B} = {7CF0887C-9775-4D43-9F8D-BB25137798E6}
		{3D1F586F-6408-49E2-83BC-C80716D1C62D} = {BD0E4F7E-95A1-4EB9-96E4-2BF05CCAB755}
		{98D8AF9D-B178-4335-A565-4253D6822B63} = {7CF0887C-9775-4D43-9F8D-BB25137798E6}
		{42EEFB02-0DC1-4849-B3DC-989444D3F08E} = {7CF0887C-9775-4D43-9F8D-BB25137798E6}
		{ACEB8750-11C1-40FF-B01A-2A4D58D7AEA1} = {BD0E4F7E-95A1-4EB9-96E4-2BF05CCAB755}
		{6293A5DA-4179-4B3D-93B5-84239B65C1A7} = {BD0E4F7E-95A1-4EB9-96E4-2BF05CCAB755}
		{66831759-1D1D-45F3-98FD-77723F8CD2F0} = {7CF0887C-9775-4D43-9F8D-BB25137798E6}
		{20A6F3F1-9FCA-418B-8807-247ABD555555} = {BD0E4F7E-95A1-4EB9-96E4-2BF05CCAB755}
		{C5474478-2624-4481-9771-C5C85389B69A} = {7CF0887C-9775-4D43-9F8D-BB25137798E6}
	EndGlobalSection
EndGlobal
