
Microsoft Visual Studio Solution File, Format Version 12.00
# Visual Studio 2013
VisualStudioVersion = 12.0.40629.0
MinimumVisualStudioVersion = 10.0.40219.1
Project("{FAE04EC0-301F-11D3-BF4B-00C04F79EFBC}") = "Common", "Common\Common.csproj", "{8B767A0E-F966-4B60-BF0C-3B646B6ACA31}"
EndProject
Project("{FAE04EC0-301F-11D3-BF4B-00C04F79EFBC}") = "Common.Tests", "Common.Tests\Common.Tests.csproj", "{C5474478-2624-4481-9771-C5C85389B69A}"
EndProject
Project("{FAE04EC0-301F-11D3-BF4B-00C04F79EFBC}") = "GenericTimer", "GenericTimer\GenericTimer.csproj", "{14C5DB20-FEC2-4F39-A4D5-B18885EA1133}"
EndProject
Project("{FAE04EC0-301F-11D3-BF4B-00C04F79EFBC}") = "Simulation.Common", "Simulation.Common\Simulation.Common.csproj", "{2B85F51D-C023-41B1-BE02-BD99D67E7225}"
EndProject
Project("{FAE04EC0-301F-11D3-BF4B-00C04F79EFBC}") = "Utils", "Utils\Utils.csproj", "{97C76C15-EED3-45CF-AC3E-E6A5F7445397}"
EndProject
Project("{FAE04EC0-301F-11D3-BF4B-00C04F79EFBC}") = "Utils.Tests", "Utils.Tests\Utils.Tests.csproj", "{20C1D422-F7F7-495F-9A40-BC4A184555DC}"
EndProject
Global
	GlobalSection(SolutionConfigurationPlatforms) = preSolution
		Debug|Any CPU = Debug|Any CPU
		Debug|x86 = Debug|x86
		Release|Any CPU = Release|Any CPU
		Release|x86 = Release|x86
	EndGlobalSection
	GlobalSection(ProjectConfigurationPlatforms) = postSolution
		{8B767A0E-F966-4B60-BF0C-3B646B6ACA31}.Debug|Any CPU.ActiveCfg = Debug|Any CPU
		{8B767A0E-F966-4B60-BF0C-3B646B6ACA31}.Debug|Any CPU.Build.0 = Debug|Any CPU
		{8B767A0E-F966-4B60-BF0C-3B646B6ACA31}.Debug|x86.ActiveCfg = Debug|x86
		{8B767A0E-F966-4B60-BF0C-3B646B6ACA31}.Debug|x86.Build.0 = Debug|x86
		{8B767A0E-F966-4B60-BF0C-3B646B6ACA31}.Release|Any CPU.ActiveCfg = Release|Any CPU
		{8B767A0E-F966-4B60-BF0C-3B646B6ACA31}.Release|Any CPU.Build.0 = Release|Any CPU
		{8B767A0E-F966-4B60-BF0C-3B646B6ACA31}.Release|x86.ActiveCfg = Release|x86
		{8B767A0E-F966-4B60-BF0C-3B646B6ACA31}.Release|x86.Build.0 = Release|x86
		{C5474478-2624-4481-9771-C5C85389B69A}.Debug|Any CPU.ActiveCfg = Debug|Any CPU
		{C5474478-2624-4481-9771-C5C85389B69A}.Debug|Any CPU.Build.0 = Debug|Any CPU
		{C5474478-2624-4481-9771-C5C85389B69A}.Debug|x86.ActiveCfg = Debug|x86
		{C5474478-2624-4481-9771-C5C85389B69A}.Debug|x86.Build.0 = Debug|x86
		{C5474478-2624-4481-9771-C5C85389B69A}.Release|Any CPU.ActiveCfg = Release|Any CPU
		{C5474478-2624-4481-9771-C5C85389B69A}.Release|Any CPU.Build.0 = Release|Any CPU
		{C5474478-2624-4481-9771-C5C85389B69A}.Release|x86.ActiveCfg = Release|x86
		{C5474478-2624-4481-9771-C5C85389B69A}.Release|x86.Build.0 = Release|x86
		{14C5DB20-FEC2-4F39-A4D5-B18885EA1133}.Debug|Any CPU.ActiveCfg = Debug|Any CPU
		{14C5DB20-FEC2-4F39-A4D5-B18885EA1133}.Debug|Any CPU.Build.0 = Debug|Any CPU
		{14C5DB20-FEC2-4F39-A4D5-B18885EA1133}.Debug|x86.ActiveCfg = Debug|x86
		{14C5DB20-FEC2-4F39-A4D5-B18885EA1133}.Debug|x86.Build.0 = Debug|x86
		{14C5DB20-FEC2-4F39-A4D5-B18885EA1133}.Release|Any CPU.ActiveCfg = Release|Any CPU
		{14C5DB20-FEC2-4F39-A4D5-B18885EA1133}.Release|Any CPU.Build.0 = Release|Any CPU
		{14C5DB20-FEC2-4F39-A4D5-B18885EA1133}.Release|x86.ActiveCfg = Release|x86
		{14C5DB20-FEC2-4F39-A4D5-B18885EA1133}.Release|x86.Build.0 = Release|x86
		{2B85F51D-C023-41B1-BE02-BD99D67E7225}.Debug|Any CPU.ActiveCfg = Debug|Any CPU
		{2B85F51D-C023-41B1-BE02-BD99D67E7225}.Debug|Any CPU.Build.0 = Debug|Any CPU
		{2B85F51D-C023-41B1-BE02-BD99D67E7225}.Debug|x86.ActiveCfg = Debug|x86
		{2B85F51D-C023-41B1-BE02-BD99D67E7225}.Debug|x86.Build.0 = Debug|x86
		{2B85F51D-C023-41B1-BE02-BD99D67E7225}.Release|Any CPU.ActiveCfg = Release|Any CPU
		{2B85F51D-C023-41B1-BE02-BD99D67E7225}.Release|Any CPU.Build.0 = Release|Any CPU
		{2B85F51D-C023-41B1-BE02-BD99D67E7225}.Release|x86.ActiveCfg = Release|x86
		{2B85F51D-C023-41B1-BE02-BD99D67E7225}.Release|x86.Build.0 = Release|x86
		{97C76C15-EED3-45CF-AC3E-E6A5F7445397}.Debug|Any CPU.ActiveCfg = Debug|Any CPU
		{97C76C15-EED3-45CF-AC3E-E6A5F7445397}.Debug|Any CPU.Build.0 = Debug|Any CPU
		{97C76C15-EED3-45CF-AC3E-E6A5F7445397}.Debug|x86.ActiveCfg = Debug|x86
		{97C76C15-EED3-45CF-AC3E-E6A5F7445397}.Debug|x86.Build.0 = Debug|x86
		{97C76C15-EED3-45CF-AC3E-E6A5F7445397}.Release|Any CPU.ActiveCfg = Release|Any CPU
		{97C76C15-EED3-45CF-AC3E-E6A5F7445397}.Release|Any CPU.Build.0 = Release|Any CPU
		{97C76C15-EED3-45CF-AC3E-E6A5F7445397}.Release|x86.ActiveCfg = Release|x86
		{97C76C15-EED3-45CF-AC3E-E6A5F7445397}.Release|x86.Build.0 = Release|x86
		{20C1D422-F7F7-495F-9A40-BC4A184555DC}.Debug|Any CPU.ActiveCfg = Debug|Any CPU
		{20C1D422-F7F7-495F-9A40-BC4A184555DC}.Debug|Any CPU.Build.0 = Debug|Any CPU
		{20C1D422-F7F7-495F-9A40-BC4A184555DC}.Debug|x86.ActiveCfg = Debug|x86
		{20C1D422-F7F7-495F-9A40-BC4A184555DC}.Debug|x86.Build.0 = Debug|x86
		{20C1D422-F7F7-495F-9A40-BC4A184555DC}.Release|Any CPU.ActiveCfg = Release|Any CPU
		{20C1D422-F7F7-495F-9A40-BC4A184555DC}.Release|Any CPU.Build.0 = Release|Any CPU
		{20C1D422-F7F7-495F-9A40-BC4A184555DC}.Release|x86.ActiveCfg = Release|x86
		{20C1D422-F7F7-495F-9A40-BC4A184555DC}.Release|x86.Build.0 = Release|x86
	EndGlobalSection
	GlobalSection(SolutionProperties) = preSolution
		HideSolutionNode = FALSE
	EndGlobalSection
EndGlobal
